{
    "name": "usearch",
    "version": "2.8.14",
    "lockfileVersion": 3,
    "requires": true,
    "packages": {
        "": {
            "name": "usearch",
            "version": "2.8.14",
            "hasInstallScript": true,
            "license": "Apache 2.0",
            "dependencies": {
                "@types/node": "^20.4.5",
                "bindings": "~1.2.1",
                "node-addon-api": "^3.0.0"
            },
            "devDependencies": {
                "typescript": "^5.1.6"
            },
            "engines": {
                "node": "~10 >=10.20 || >=12.17"
            }
        },
        "node_modules/@types/node": {
            "version": "20.10.6",
            "resolved": "https://registry.npmjs.org/@types/node/-/node-20.10.6.tgz",
            "integrity": "sha512-Vac8H+NlRNNlAmDfGUP7b5h/KA+AtWIzuXy0E6OyP8f1tCLYAtPvKRRDJjAPqhpCb0t6U2j7/xqAuLEebW2kiw==",
            "dependencies": {
                "undici-types": "~5.26.4"
            }
        },
        "node_modules/bindings": {
            "version": "1.2.1",
            "resolved": "https://registry.npmjs.org/bindings/-/bindings-1.2.1.tgz",
            "integrity": "sha512-u4cBQNepWxYA55FunZSM7wMi55yQaN0otnhhilNoWHq0MfOfJeQx0v0mRRpolGOExPjZcl6FtB0BB8Xkb88F0g=="
        },
        "node_modules/node-addon-api": {
            "version": "3.2.1",
            "resolved": "https://registry.npmjs.org/node-addon-api/-/node-addon-api-3.2.1.tgz",
            "integrity": "sha512-mmcei9JghVNDYydghQmeDX8KoAm0FAiYyIcUt/N4nhyAipB17pllZQDOJD2fotxABnt4Mdz+dKTO7eftLg4d0A=="
        },
        "node_modules/typescript": {
            "version": "5.3.3",
            "resolved": "https://registry.npmjs.org/typescript/-/typescript-5.3.3.tgz",
            "integrity": "sha512-pXWcraxM0uxAS+tN0AG/BF2TyqmHO014Z070UsJ+pFvYuRSq8KH8DmWpnbXe0pEPDHXZV3FcAbJkijJ5oNEnWw==",
            "dev": true,
            "bin": {
                "tsc": "bin/tsc",
                "tsserver": "bin/tsserver"
            },
            "engines": {
                "node": ">=14.17"
            }
        },
        "node_modules/undici-types": {
            "version": "5.26.5",
            "resolved": "https://registry.npmjs.org/undici-types/-/undici-types-5.26.5.tgz",
            "integrity": "sha512-JlCMO+ehdEIKqlFxk6IfVoAUVmgz7cU7zD/h9XZ0qzeosSHmUJVOzSQvvYSYWXkFXC+IfLKSIffhv0sVZup6pA=="
        }
    }
}
